
Microsoft Visual Studio Solution File, Format Version 12.00
# Visual Studio Version 16
VisualStudioVersion = 16.0.31205.134
MinimumVisualStudioVersion = 10.0.40219.1
Project("{FAE04EC0-301F-11D3-BF4B-00C04F79EFBC}") = "ClassLibrary", "ClassLibrary\ClassLibrary.csproj", "{A9C752D7-9399-4E82-9E9C-FF4FCC487964}"
EndProject
Project("{FAE04EC0-301F-11D3-BF4B-00C04F79EFBC}") = "UnitTestProject", "UnitTestProject\UnitTestProject.csproj", "{A16AA250-E79A-418F-9308-644642FE8DE4}"
EndProject
Global
	GlobalSection(SolutionConfigurationPlatforms) = preSolution
		Debug|Any CPU = Debug|Any CPU
		Release|Any CPU = Release|Any CPU
	EndGlobalSection
	GlobalSection(ProjectConfigurationPlatforms) = postSolution
		{A9C752D7-9399-4E82-9E9C-FF4FCC487964}.Debug|Any CPU.ActiveCfg = Debug|Any CPU
		{A9C752D7-9399-4E82-9E9C-FF4FCC487964}.Debug|Any CPU.Build.0 = Debug|Any CPU
		{A9C752D7-9399-4E82-9E9C-FF4FCC487964}.Release|Any CPU.ActiveCfg = Release|Any CPU
		{A9C752D7-9399-4E82-9E9C-FF4FCC487964}.Release|Any CPU.Build.0 = Release|Any CPU
		{A16AA250-E79A-418F-9308-644642FE8DE4}.Debug|Any CPU.ActiveCfg = Debug|Any CPU
		{A16AA250-E79A-418F-9308-644642FE8DE4}.Debug|Any CPU.Build.0 = Debug|Any CPU
		{A16AA250-E79A-418F-9308-644642FE8DE4}.Release|Any CPU.ActiveCfg = Release|Any CPU
		{A16AA250-E79A-418F-9308-644642FE8DE4}.Release|Any CPU.Build.0 = Release|Any CPU
	EndGlobalSection
	GlobalSection(SolutionProperties) = preSolution
		HideSolutionNode = FALSE
	EndGlobalSection
	GlobalSection(ExtensibilityGlobals) = postSolution
		SolutionGuid = {4B797B4A-DC37-4C0F-A123-ADEA840D18E5}
	EndGlobalSection
EndGlobal
